{
    "_readme": [
        "This file locks the dependencies of your project to a known state",
        "Read more about it at https://getcomposer.org/doc/01-basic-usage.md#installing-dependencies",
        "This file is @generated automatically"
    ],
    "content-hash": "00b69b93572863539e362fd0d3c3b741",
    "packages": [
        {
            "name": "fzaninotto/faker",
            "version": "v1.5.0",
            "source": {
                "type": "git",
                "url": "https://github.com/fzaninotto/Faker.git",
                "reference": "d0190b156bcca848d401fb80f31f504f37141c8d"
            },
            "dist": {
                "type": "zip",
                "url": "https://api.github.com/repos/fzaninotto/Faker/zipball/d0190b156bcca848d401fb80f31f504f37141c8d",
                "reference": "d0190b156bcca848d401fb80f31f504f37141c8d",
                "shasum": ""
            },
            "require": {
                "php": ">=5.3.3"
            },
            "require-dev": {
                "phpunit/phpunit": "~4.0",
                "squizlabs/php_codesniffer": "~1.5"
            },
            "suggest": {
                "ext-intl": "*"
            },
            "type": "library",
            "extra": {
                "branch-alias": {
                    "dev-master": "1.5.x-dev"
                }
            },
            "autoload": {
                "psr-4": {
                    "Faker\\": "src/Faker/"
                }
            },
            "notification-url": "https://packagist.org/downloads/",
            "license": [
                "MIT"
            ],
            "authors": [
                {
                    "name": "François Zaninotto"
                }
            ],
            "description": "Faker is a PHP library that generates fake data for you.",
            "keywords": [
                "data",
                "faker",
                "fixtures"
            ],
            "support": {
                "issues": "https://github.com/fzaninotto/Faker/issues",
                "source": "https://github.com/fzaninotto/Faker/tree/master"
            },
            "abandoned": true,
            "time": "2015-05-29T06:29:14+00:00"
        },
        {
            "name": "primakurzy/hello-php",
            "version": "v1.2",
            "source": {
                "type": "git",
                "url": "https://github.com/PrimaKurzy-cz/hello-php.git",
                "reference": "5f65617532ce5282c216c169c3b0b8f7185250e0"
            },
            "dist": {
                "type": "zip",
                "url": "https://api.github.com/repos/PrimaKurzy-cz/hello-php/zipball/5f65617532ce5282c216c169c3b0b8f7185250e0",
                "reference": "5f65617532ce5282c216c169c3b0b8f7185250e0",
                "shasum": ""
            },
            "type": "library",
            "autoload": {
                "files": [
                    "src/hello.php"
                ]
            },
            "notification-url": "https://packagist.org/downloads/",
            "license": [
                "MIT"
            ],
            "authors": [
                {
                    "name": "Josef Kyrian / PrimaKurzy.cz",
                    "email": "josef.kyrian@primakurzy.cz"
                }
            ],
            "description": "For Educational Purposes Only",
            "support": {
                "issues": "https://github.com/PrimaKurzy-cz/hello-php/issues",
                "source": "https://github.com/PrimaKurzy-cz/hello-php/tree/v1.2"
            },
            "time": "2022-01-19T09:04:55+00:00"
        }
    ],
    "packages-dev": [],
    "aliases": [],
    "minimum-stability": "stable",
    "stability-flags": [],
    "prefer-stable": false,
    "prefer-lowest": false,
    "platform": [],
    "platform-dev": [],
    "plugin-api-version": "2.6.0"
}
